%{
  "acceptor_pool": {:hex, :acceptor_pool, "1.0.0-rc.0", "679d741df87fc13599b1aef2df8f78f1f880449a6befab7c44fb6fae0e92a2de", [], [], "hexpm"},
  "cowboy": {:hex, :cowboy, "2.2.0", "5233ed78afe96b19efd33b7bbcafd15e064b187c0c131c61d50fe69d88dc76fd", [:rebar3], [{:cowlib, "~> 2.1.0", [hex: :cowlib, repo: "hexpm", optional: false]}, {:ranch, "~> 1.4.0", [hex: :ranch, repo: "hexpm", optional: false]}], "hexpm"},
  "cowlib": {:hex, :cowlib, "2.1.0", "f73658b93dd043af40400c3e4fd997068ebd0c617f8c8f4cd003a1a78ebf94f5", [:rebar3], [], "hexpm"},
  "croma": {:hex, :croma, "0.9.1", "2a24dfc6c48d81908e1c0c7bedf183cc07f1fef57b93fda7c4b73004de223576", [], [], "hexpm"},
  "evel": {:hex, :evel, "0.1.1", "0121efc6662b58df75ddf1850b2fa48595d6fb74e246560285fc43624af3cc82", [], [{:hash_ring, "0.4.0", [hex: :hash_ring, repo: "hexpm", optional: false]}], "hexpm"},
  "ex2ms": {:hex, :ex2ms, "1.5.0", "19e27f9212be9a96093fed8cdfbef0a2b56c21237196d26760f11dfcfae58e97", [:mix], [], "hexpm"},
  "gen_flow": {:hex, :gen_flow, "0.0.5", "2ff6abe3ed1c5c9bc41f81bf09364a3f63f96e4d378d45a2a2ddc4fc06f3484a", [], [], "hexpm"},
  "goldrush": {:hex, :goldrush, "0.1.9", "f06e5d5f1277da5c413e84d5a2924174182fb108dabb39d5ec548b27424cd106", [], [], "hexpm"},
  "hash_ring": {:hex, :hash_ring, "0.4.0", "5b6fc75da078865dd0e0007e4145a3e27ff07963e090f822ff99349a577296ed", [], [], "hexpm"},
  "lager": {:hex, :lager, "3.6.0", "0c5bdb1e5937eca17d7cab15dd52aa30b9eb12d48a2d9e774ef6385e48709a98", [], [{:goldrush, "0.1.9", [hex: :goldrush, repo: "hexpm", optional: false]}], "hexpm"},
  "lasp": {:hex, :lasp, "0.8.2", "3c744b440e7294b61726941b6a2de6b011c5d95077d5788d20686fdd98f45d6a", [], [{:gen_flow, "~> 0.0", [hex: :gen_flow, repo: "hexpm", optional: false]}, {:lager, "~>3.5", [hex: :lager, repo: "hexpm", optional: false]}, {:lasp_support, "~>0.0.3", [hex: :lasp_support, repo: "hexpm", optional: false]}, {:partisan, "1.3.3", [hex: :partisan, repo: "hexpm", optional: false]}, {:plumtree, "0.5.0", [hex: :plumtree, repo: "hexpm", optional: false]}, {:rand_compat, "~>0.0.3", [hex: :rand_compat, repo: "hexpm", optional: false]}, {:time_compat, "~>0.0.1", [hex: :time_compat, repo: "hexpm", optional: false]}, {:types, "~> 0.1", [hex: :types, repo: "hexpm", optional: false]}], "hexpm"},
  "lasp_pg": {:hex, :lasp_pg, "0.1.0", "94b1b99f016a92b54bc4da7fa5c202c72ac2dedae4ba21488c86f88b1c992020", [], [{:lasp, "~>0.4", [hex: :lasp, repo: "hexpm", optional: false]}], "hexpm"},
  "lasp_support": {:hex, :lasp_support, "0.0.3", "c1b7e1a472037ae82c71d2d16a10b7d644a621b66ae5afe834cecf170f2e9169", [], [{:lager, "~>3.5", [hex: :lager, repo: "hexpm", optional: false]}, {:time_compat, "~>0.0.1", [hex: :time_compat, repo: "hexpm", optional: false]}], "hexpm"},
  "partisan": {:hex, :partisan, "1.3.3", "1f2c02c782f1eba4d2d7199d253e0f674d0c783e6a0cb4f79e97d134cc6cfb78", [], [{:acceptor_pool, "1.0.0-rc.0", [hex: :acceptor_pool, repo: "hexpm", optional: false]}, {:lager, "~> 3.5", [hex: :lager, repo: "hexpm", optional: false]}, {:types, "~> 0.1", [hex: :types, repo: "hexpm", optional: false]}], "hexpm"},
  "phoenix_pubsub": {:hex, :phoenix_pubsub, "1.0.2", "bfa7fd52788b5eaa09cb51ff9fcad1d9edfeb68251add458523f839392f034c1", [:mix], [], "hexpm"},
  "plumtree": {:hex, :plumtree, "0.5.0", "f3521ce631ad22ac00635e79c7f046a163bd1135889cdc1d0b18ab577f76ec70", [], [{:lager, "~>3.5", [hex: :lager, repo: "hexpm", optional: false]}, {:lasp_support, "~>0.0", [hex: :lasp_support, repo: "hexpm", optional: false]}, {:partisan, "~>1.2", [hex: :partisan, repo: "hexpm", optional: false]}, {:rand_compat, "~>0.0.3", [hex: :rand_compat, repo: "hexpm", optional: false]}, {:time_compat, "~>0.0.1", [hex: :time_compat, repo: "hexpm", optional: false]}], "hexpm"},
  "ppg": {:hex, :ppg, "0.1.3", "83bdf44a71b65e1d39f99eaf5e4f6bf0c5d137ff99d45ec70e85e7b8bc5b2688", [], [{:evel, "0.1.1", [hex: :evel, repo: "hexpm", optional: false]}], "hexpm"},
  "raft_fleet": {:hex, :raft_fleet, "0.5.0", "1140b0024364cbc07c094f5bd92246a90622651b8cfd6a1923df59e92cadb69f", [], [{:croma, "~> 0.7", [hex: :croma, repo: "hexpm", optional: false]}, {:rafted_value, "~> 0.4", [hex: :rafted_value, repo: "hexpm", optional: false]}], "hexpm"},
  "rafted_value": {:hex, :rafted_value, "0.7.2", "934f4af9a90928d34417d2939bd8e3097531dd8d731aa8560f7bd13b6a6b6f36", [], [{:croma, "~> 0.7", [hex: :croma, repo: "hexpm", optional: false]}], "hexpm"},
  "ranch": {:hex, :ranch, "1.4.0", "10272f95da79340fa7e8774ba7930b901713d272905d0012b06ca6d994f8826b", [:rebar3], [], "hexpm"},
  "rand_compat": {:hex, :rand_compat, "0.0.3", "011646bc1f0b0c432fe101b816f25b9bbb74a085713cee1dafd2d62e9415ead3", [], [], "hexpm"},
  "stream_data": {:hex, :stream_data, "0.4.0", "128c01bfd0fae0108d169eee1772aeed6958604f8782abc2d6e11da4e52468b0", [:mix], [], "hexpm"},
  "syn": {:hex, :syn, "1.6.2", "79d9802da39afded0597950a4cc37367a7dbef917f68a4bebae5d15a8da8611e", [], [], "hexpm"},
  "time_compat": {:hex, :time_compat, "0.0.1", "23fe0ad1fdf3b5b88821b2d04b4b5e865bf587ae66056d671fe0f53514ed8139", [], [], "hexpm"},
  "types": {:hex, :types, "0.1.8", "5782b67231e8c174fe2835395e71e669fe0121076779d2a09f1c0d58ee0e2f13", [], [], "hexpm"},
  "uuid": {:hex, :uuid, "1.1.8", "e22fc04499de0de3ed1116b770c7737779f226ceefa0badb3592e64d5cfb4eb9", [:mix], [], "hexpm"},
}
